
Microsoft Visual Studio Solution File, Format Version 12.00
# Visual Studio Version 16
VisualStudioVersion = 16.0.29001.49
MinimumVisualStudioVersion = 10.0.40219.1
Project("{FAE04EC0-301F-11D3-BF4B-00C04F79EFBC}") = "CRM.BLL", "CRM.BLL\CRM.BLL.csproj", "{683A9193-2938-4872-97A2-192892E131C0}"
EndProject
Project("{FAE04EC0-301F-11D3-BF4B-00C04F79EFBC}") = "CRM.Dal", "CRM.Dal\CRM.Dal.csproj", "{7830F6E3-1EA3-420A-8F51-EE8356A828C8}"
EndProject
Project("{FAE04EC0-301F-11D3-BF4B-00C04F79EFBC}") = "CRM.Common", "CRM.Common\CRM.Common.csproj", "{27B5C85D-3F22-4545-B7F9-675B7F157292}"
EndProject
Project("{FAE04EC0-301F-11D3-BF4B-00C04F79EFBC}") = "CRM.Model", "CRM.Model\CRM.Model.csproj", "{3A17D5C5-30FC-4F9A-8D0A-95ACC7EBCC8B}"
EndProject
Project("{FAE04EC0-301F-11D3-BF4B-00C04F79EFBC}") = "CRM", "CRM\CRM.csproj", "{200D393E-0D30-4DFD-92B5-2637FA0E06EB}"
EndProject
Global
	GlobalSection(SolutionConfigurationPlatforms) = preSolution
		Debug|Any CPU = Debug|Any CPU
		Release|Any CPU = Release|Any CPU
	EndGlobalSection
	GlobalSection(ProjectConfigurationPlatforms) = postSolution
		{683A9193-2938-4872-97A2-192892E131C0}.Debug|Any CPU.ActiveCfg = Debug|Any CPU
		{683A9193-2938-4872-97A2-192892E131C0}.Debug|Any CPU.Build.0 = Debug|Any CPU
		{683A9193-2938-4872-97A2-192892E131C0}.Release|Any CPU.ActiveCfg = Release|Any CPU
		{683A9193-2938-4872-97A2-192892E131C0}.Release|Any CPU.Build.0 = Release|Any CPU
		{7830F6E3-1EA3-420A-8F51-EE8356A828C8}.Debug|Any CPU.ActiveCfg = Debug|Any CPU
		{7830F6E3-1EA3-420A-8F51-EE8356A828C8}.Debug|Any CPU.Build.0 = Debug|Any CPU
		{7830F6E3-1EA3-420A-8F51-EE8356A828C8}.Release|Any CPU.ActiveCfg = Release|Any CPU
		{7830F6E3-1EA3-420A-8F51-EE8356A828C8}.Release|Any CPU.Build.0 = Release|Any CPU
		{27B5C85D-3F22-4545-B7F9-675B7F157292}.Debug|Any CPU.ActiveCfg = Debug|Any CPU
		{27B5C85D-3F22-4545-B7F9-675B7F157292}.Debug|Any CPU.Build.0 = Debug|Any CPU
		{27B5C85D-3F22-4545-B7F9-675B7F157292}.Release|Any CPU.ActiveCfg = Release|Any CPU
		{27B5C85D-3F22-4545-B7F9-675B7F157292}.Release|Any CPU.Build.0 = Release|Any CPU
		{3A17D5C5-30FC-4F9A-8D0A-95ACC7EBCC8B}.Debug|Any CPU.ActiveCfg = Debug|Any CPU
		{3A17D5C5-30FC-4F9A-8D0A-95ACC7EBCC8B}.Debug|Any CPU.Build.0 = Debug|Any CPU
		{3A17D5C5-30FC-4F9A-8D0A-95ACC7EBCC8B}.Release|Any CPU.ActiveCfg = Release|Any CPU
		{3A17D5C5-30FC-4F9A-8D0A-95ACC7EBCC8B}.Release|Any CPU.Build.0 = Release|Any CPU
		{200D393E-0D30-4DFD-92B5-2637FA0E06EB}.Debug|Any CPU.ActiveCfg = Debug|Any CPU
		{200D393E-0D30-4DFD-92B5-2637FA0E06EB}.Debug|Any CPU.Build.0 = Debug|Any CPU
		{200D393E-0D30-4DFD-92B5-2637FA0E06EB}.Release|Any CPU.ActiveCfg = Release|Any CPU
		{200D393E-0D30-4DFD-92B5-2637FA0E06EB}.Release|Any CPU.Build.0 = Release|Any CPU
	EndGlobalSection
	GlobalSection(SolutionProperties) = preSolution
		HideSolutionNode = FALSE
	EndGlobalSection
	GlobalSection(ExtensibilityGlobals) = postSolution
		SolutionGuid = {B7171868-82CE-4EB9-9574-BC7F7B34293F}
	EndGlobalSection
EndGlobal
